
Microsoft Visual Studio Solution File, Format Version 12.00
# Visual Studio Version 16
VisualStudioVersion = 16.0.31624.102
MinimumVisualStudioVersion = 10.0.40219.1
Project("{FAE04EC0-301F-11D3-BF4B-00C04F79EFBC}") = "ProxyTest", "ProxyTest\ProxyTest.csproj", "{137D9F61-3195-42D0-9E57-5E601753AE2C}"
EndProject
Global
	GlobalSection(SolutionConfigurationPlatforms) = preSolution
		Debug|Any CPU = Debug|Any CPU
		Release|Any CPU = Release|Any CPU
	EndGlobalSection
	GlobalSection(ProjectConfigurationPlatforms) = postSolution
		{137D9F61-3195-42D0-9E57-5E601753AE2C}.Debug|Any CPU.ActiveCfg = Debug|Any CPU
		{137D9F61-3195-42D0-9E57-5E601753AE2C}.Debug|Any CPU.Build.0 = Debug|Any CPU
		{137D9F61-3195-42D0-9E57-5E601753AE2C}.Release|Any CPU.ActiveCfg = Release|Any CPU
		{137D9F61-3195-42D0-9E57-5E601753AE2C}.Release|Any CPU.Build.0 = Release|Any CPU
	EndGlobalSection
	GlobalSection(SolutionProperties) = preSolution
		HideSolutionNode = FALSE
	EndGlobalSection
	GlobalSection(ExtensibilityGlobals) = postSolution
		SolutionGuid = {4D05508A-71DC-4607-B4E7-4AD51B6218C5}
	EndGlobalSection
EndGlobal
